
Microsoft Visual Studio Solution File, Format Version 12.00
# Visual Studio Version 16
VisualStudioVersion = 16.0.31729.503
MinimumVisualStudioVersion = 10.0.40219.1
Project("{FAE04EC0-301F-11D3-BF4B-00C04F79EFBC}") = "OnlineVotingSystem", "OnlineVotingSystem\OnlineVotingSystem.csproj", "{C5DDD4D7-8C0F-4719-A26B-FA0A76A4C177}"
EndProject
Global
	GlobalSection(SolutionConfigurationPlatforms) = preSolution
		Debug|Any CPU = Debug|Any CPU
		Release|Any CPU = Release|Any CPU
	EndGlobalSection
	GlobalSection(ProjectConfigurationPlatforms) = postSolution
		{C5DDD4D7-8C0F-4719-A26B-FA0A76A4C177}.Debug|Any CPU.ActiveCfg = Debug|Any CPU
		{C5DDD4D7-8C0F-4719-A26B-FA0A76A4C177}.Debug|Any CPU.Build.0 = Debug|Any CPU
		{C5DDD4D7-8C0F-4719-A26B-FA0A76A4C177}.Release|Any CPU.ActiveCfg = Release|Any CPU
		{C5DDD4D7-8C0F-4719-A26B-FA0A76A4C177}.Release|Any CPU.Build.0 = Release|Any CPU
	EndGlobalSection
	GlobalSection(SolutionProperties) = preSolution
		HideSolutionNode = FALSE
	EndGlobalSection
	GlobalSection(ExtensibilityGlobals) = postSolution
		SolutionGuid = {75AABB8C-934C-4C01-A25D-CD6906EDD6E2}
	EndGlobalSection
EndGlobal
